
Microsoft Visual Studio Solution File, Format Version 12.00
# Visual Studio 15
VisualStudioVersion = 15.0.28307.168
MinimumVisualStudioVersion = 10.0.40219.1
Project("{FAE04EC0-301F-11D3-BF4B-00C04F79EFBC}") = "AEV6", "AEV6\AEV6.csproj", "{794C9572-276E-4D96-B5BC-0A8FBE371522}"
EndProject
Global
	GlobalSection(SolutionConfigurationPlatforms) = preSolution
		Debug|Any CPU = Debug|Any CPU
		Release|Any CPU = Release|Any CPU
	EndGlobalSection
	GlobalSection(ProjectConfigurationPlatforms) = postSolution
		{794C9572-276E-4D96-B5BC-0A8FBE371522}.Debug|Any CPU.ActiveCfg = Debug|Any CPU
		{794C9572-276E-4D96-B5BC-0A8FBE371522}.Debug|Any CPU.Build.0 = Debug|Any CPU
		{794C9572-276E-4D96-B5BC-0A8FBE371522}.Release|Any CPU.ActiveCfg = Release|Any CPU
		{794C9572-276E-4D96-B5BC-0A8FBE371522}.Release|Any CPU.Build.0 = Release|Any CPU
	EndGlobalSection
	GlobalSection(SolutionProperties) = preSolution
		HideSolutionNode = FALSE
	EndGlobalSection
	GlobalSection(ExtensibilityGlobals) = postSolution
		SolutionGuid = {C324E51B-D16E-443C-9FCC-38ADA501CE15}
	EndGlobalSection
EndGlobal
